# This file is automatically @generated by Cargo.
# It is not intended for manual editing.
version = 4

[[package]]
name = "rusthouse"
version = "0.1.0"
dependencies = [
 "unicode-casefold",
]

[[package]]
name = "unicode-casefold"
version = "0.2.0"
source = "registry+https://github.com/rust-lang/crates.io-index"
checksum = "b7f66b1c8f8caa2ab31dc6d3f35386f16efdab89668f93411e565ac368908e8f"
